{
  "originHash" : "393b91e0c33f3b877e9efa3a061b60993ed78f7752c8eb0ea1e5aed3f1ffa9b8",
  "pins" : [
    {
      "identity" : "fluidaudio",
      "kind" : "remoteSourceControl",
      "location" : "https://github.com/FluidInference/FluidAudio.git",
      "state" : {
        "revision" : "667181a368da13b3a9178e310414e9dcbe8f23ce"
      }
    }
  ],
  "version" : 3
}
